
Microsoft Visual Studio Solution File, Format Version 12.00
# Visual Studio 15
VisualStudioVersion = 15.0.26430.15
MinimumVisualStudioVersion = 10.0.40219.1
Project("{FAE04EC0-301F-11D3-BF4B-00C04F79EFBC}") = "Task1", "Lesson3HomeWork\Task1.csproj", "{BF80ACB3-851A-4859-8890-74EBA9874903}"
EndProject
Project("{FAE04EC0-301F-11D3-BF4B-00C04F79EFBC}") = "Task2", "Task2\Task2.csproj", "{50A96781-21FA-44C5-ABD9-4E8C176D041F}"
EndProject
Project("{FAE04EC0-301F-11D3-BF4B-00C04F79EFBC}") = "Task3", "Task3\Task3.csproj", "{7D917D2F-32BE-480F-A4CD-A474BE0715E7}"
EndProject
Global
	GlobalSection(SolutionConfigurationPlatforms) = preSolution
		Debug|Any CPU = Debug|Any CPU
		Release|Any CPU = Release|Any CPU
	EndGlobalSection
	GlobalSection(ProjectConfigurationPlatforms) = postSolution
		{BF80ACB3-851A-4859-8890-74EBA9874903}.Debug|Any CPU.ActiveCfg = Debug|Any CPU
		{BF80ACB3-851A-4859-8890-74EBA9874903}.Debug|Any CPU.Build.0 = Debug|Any CPU
		{BF80ACB3-851A-4859-8890-74EBA9874903}.Release|Any CPU.ActiveCfg = Release|Any CPU
		{BF80ACB3-851A-4859-8890-74EBA9874903}.Release|Any CPU.Build.0 = Release|Any CPU
		{50A96781-21FA-44C5-ABD9-4E8C176D041F}.Debug|Any CPU.ActiveCfg = Debug|Any CPU
		{50A96781-21FA-44C5-ABD9-4E8C176D041F}.Debug|Any CPU.Build.0 = Debug|Any CPU
		{50A96781-21FA-44C5-ABD9-4E8C176D041F}.Release|Any CPU.ActiveCfg = Release|Any CPU
		{50A96781-21FA-44C5-ABD9-4E8C176D041F}.Release|Any CPU.Build.0 = Release|Any CPU
		{7D917D2F-32BE-480F-A4CD-A474BE0715E7}.Debug|Any CPU.ActiveCfg = Debug|Any CPU
		{7D917D2F-32BE-480F-A4CD-A474BE0715E7}.Debug|Any CPU.Build.0 = Debug|Any CPU
		{7D917D2F-32BE-480F-A4CD-A474BE0715E7}.Release|Any CPU.ActiveCfg = Release|Any CPU
		{7D917D2F-32BE-480F-A4CD-A474BE0715E7}.Release|Any CPU.Build.0 = Release|Any CPU
	EndGlobalSection
	GlobalSection(SolutionProperties) = preSolution
		HideSolutionNode = FALSE
	EndGlobalSection
	GlobalSection(ExtensibilityGlobals) = postSolution
		SolutionGuid = {EA30A12D-F79D-43E5-BF16-57E0242A591A}
	EndGlobalSection
EndGlobal
